
Microsoft Visual Studio Solution File, Format Version 12.00
# Visual Studio Version 17
VisualStudioVersion = 17.12.35527.113 d17.12
MinimumVisualStudioVersion = 10.0.40219.1
Project("{FAE04EC0-301F-11D3-BF4B-00C04F79EFBC}") = "MauiWithMvvm", "MauiWithMvvm\MauiWithMvvm.csproj", "{2E5CC71C-F78D-46D6-A83B-44E5222A6F67}"
EndProject
Project("{FAE04EC0-301F-11D3-BF4B-00C04F79EFBC}") = "Shared", "Shared\Shared.csproj", "{84BD9905-BA1D-41CB-8219-EDC9DE8C517C}"
EndProject
Global
	GlobalSection(SolutionConfigurationPlatforms) = preSolution
		Debug|Any CPU = Debug|Any CPU
		Release|Any CPU = Release|Any CPU
	EndGlobalSection
	GlobalSection(ProjectConfigurationPlatforms) = postSolution
		{2E5CC71C-F78D-46D6-A83B-44E5222A6F67}.Debug|Any CPU.ActiveCfg = Debug|Any CPU
		{2E5CC71C-F78D-46D6-A83B-44E5222A6F67}.Debug|Any CPU.Build.0 = Debug|Any CPU
		{2E5CC71C-F78D-46D6-A83B-44E5222A6F67}.Debug|Any CPU.Deploy.0 = Debug|Any CPU
		{2E5CC71C-F78D-46D6-A83B-44E5222A6F67}.Release|Any CPU.ActiveCfg = Release|Any CPU
		{2E5CC71C-F78D-46D6-A83B-44E5222A6F67}.Release|Any CPU.Build.0 = Release|Any CPU
		{2E5CC71C-F78D-46D6-A83B-44E5222A6F67}.Release|Any CPU.Deploy.0 = Release|Any CPU
		{84BD9905-BA1D-41CB-8219-EDC9DE8C517C}.Debug|Any CPU.ActiveCfg = Debug|Any CPU
		{84BD9905-BA1D-41CB-8219-EDC9DE8C517C}.Debug|Any CPU.Build.0 = Debug|Any CPU
		{84BD9905-BA1D-41CB-8219-EDC9DE8C517C}.Release|Any CPU.ActiveCfg = Release|Any CPU
		{84BD9905-BA1D-41CB-8219-EDC9DE8C517C}.Release|Any CPU.Build.0 = Release|Any CPU
	EndGlobalSection
	GlobalSection(SolutionProperties) = preSolution
		HideSolutionNode = FALSE
	EndGlobalSection
EndGlobal
