
Microsoft Visual Studio Solution File, Format Version 12.00
# Visual Studio Version 17
VisualStudioVersion = 17.12.35527.113 d17.12
MinimumVisualStudioVersion = 10.0.40219.1
Project("{FAE04EC0-301F-11D3-BF4B-00C04F79EFBC}") = "NavigationPageNavigation", "NavigationPageNavigation\NavigationPageNavigation.csproj", "{FE715631-B030-4E63-B1F2-741295816896}"
EndProject
Project("{FAE04EC0-301F-11D3-BF4B-00C04F79EFBC}") = "Shared", "Shared\Shared.csproj", "{88428894-2EE2-4B28-832F-57377683D857}"
EndProject
Global
	GlobalSection(SolutionConfigurationPlatforms) = preSolution
		Debug|Any CPU = Debug|Any CPU
		Release|Any CPU = Release|Any CPU
	EndGlobalSection
	GlobalSection(ProjectConfigurationPlatforms) = postSolution
		{FE715631-B030-4E63-B1F2-741295816896}.Debug|Any CPU.ActiveCfg = Debug|Any CPU
		{FE715631-B030-4E63-B1F2-741295816896}.Debug|Any CPU.Build.0 = Debug|Any CPU
		{FE715631-B030-4E63-B1F2-741295816896}.Debug|Any CPU.Deploy.0 = Debug|Any CPU
		{FE715631-B030-4E63-B1F2-741295816896}.Release|Any CPU.ActiveCfg = Release|Any CPU
		{FE715631-B030-4E63-B1F2-741295816896}.Release|Any CPU.Build.0 = Release|Any CPU
		{FE715631-B030-4E63-B1F2-741295816896}.Release|Any CPU.Deploy.0 = Release|Any CPU
		{88428894-2EE2-4B28-832F-57377683D857}.Debug|Any CPU.ActiveCfg = Debug|Any CPU
		{88428894-2EE2-4B28-832F-57377683D857}.Debug|Any CPU.Build.0 = Debug|Any CPU
		{88428894-2EE2-4B28-832F-57377683D857}.Release|Any CPU.ActiveCfg = Release|Any CPU
		{88428894-2EE2-4B28-832F-57377683D857}.Release|Any CPU.Build.0 = Release|Any CPU
	EndGlobalSection
	GlobalSection(SolutionProperties) = preSolution
		HideSolutionNode = FALSE
	EndGlobalSection
EndGlobal
