
Microsoft Visual Studio Solution File, Format Version 12.00
# Visual Studio Version 17
VisualStudioVersion = 17.12.35527.113 d17.12
MinimumVisualStudioVersion = 10.0.40219.1
Project("{FAE04EC0-301F-11D3-BF4B-00C04F79EFBC}") = "NavigationPageNavigation", "NavigationPageNavigation\NavigationPageNavigation.csproj", "{971723ED-507C-41B9-9C9B-589CBDABBD72}"
EndProject
Project("{FAE04EC0-301F-11D3-BF4B-00C04F79EFBC}") = "Shared", "Shared\Shared.csproj", "{A0ADBE3A-41A2-48F0-B9D8-0E8E8AB761BB}"
EndProject
Global
	GlobalSection(SolutionConfigurationPlatforms) = preSolution
		Debug|Any CPU = Debug|Any CPU
		Release|Any CPU = Release|Any CPU
	EndGlobalSection
	GlobalSection(ProjectConfigurationPlatforms) = postSolution
		{971723ED-507C-41B9-9C9B-589CBDABBD72}.Debug|Any CPU.ActiveCfg = Debug|Any CPU
		{971723ED-507C-41B9-9C9B-589CBDABBD72}.Debug|Any CPU.Build.0 = Debug|Any CPU
		{971723ED-507C-41B9-9C9B-589CBDABBD72}.Debug|Any CPU.Deploy.0 = Debug|Any CPU
		{971723ED-507C-41B9-9C9B-589CBDABBD72}.Release|Any CPU.ActiveCfg = Release|Any CPU
		{971723ED-507C-41B9-9C9B-589CBDABBD72}.Release|Any CPU.Build.0 = Release|Any CPU
		{971723ED-507C-41B9-9C9B-589CBDABBD72}.Release|Any CPU.Deploy.0 = Release|Any CPU
		{A0ADBE3A-41A2-48F0-B9D8-0E8E8AB761BB}.Debug|Any CPU.ActiveCfg = Debug|Any CPU
		{A0ADBE3A-41A2-48F0-B9D8-0E8E8AB761BB}.Debug|Any CPU.Build.0 = Debug|Any CPU
		{A0ADBE3A-41A2-48F0-B9D8-0E8E8AB761BB}.Release|Any CPU.ActiveCfg = Release|Any CPU
		{A0ADBE3A-41A2-48F0-B9D8-0E8E8AB761BB}.Release|Any CPU.Build.0 = Release|Any CPU
	EndGlobalSection
	GlobalSection(SolutionProperties) = preSolution
		HideSolutionNode = FALSE
	EndGlobalSection
EndGlobal
